// !$*UTF8*$!
{
	archiveVersion = 1;
	classes = {
	};
	objectVersion = 56;
	objects = {

/* Begin PBXBuildFile section */
		127ACCE12901726B00455A2A /* AppDelegate.swift in Sources */ = {isa = PBXBuildFile; fileRef = 127ACCE02901726B00455A2A /* AppDelegate.swift */; };
		127ACCE32901726B00455A2A /* SceneDelegate.swift in Sources */ = {isa = PBXBuildFile; fileRef = 127ACCE22901726B00455A2A /* SceneDelegate.swift */; };
		127ACCE52901726B00455A2A /* ViewController.swift in Sources */ = {isa = PBXBuildFile; fileRef = 127ACCE42901726B00455A2A /* ViewController.swift */; };
		127ACCE82901726B00455A2A /* Main.storyboard in Resources */ = {isa = PBXBuildFile; fileRef = 127ACCE62901726B00455A2A /* Main.storyboard */; };
		127ACCEA2901726D00455A2A /* Assets.xcassets in Resources */ = {isa = PBXBuildFile; fileRef = 127ACCE92901726D00455A2A /* Assets.xcassets */; };
		127ACCED2901726D00455A2A /* LaunchScreen.storyboard in Resources */ = {isa = PBXBuildFile; fileRef = 127ACCEB2901726D00455A2A /* LaunchScreen.storyboard */; };
		FAE628483D260A6AF409F442 /* Pods_DynamicsClass.framework in Frameworks */ = {isa = PBXBuildFile; fileRef = F40BA389B94BEA9D0684A177 /* Pods_DynamicsClass.framework */; };
/* End PBXBuildFile section */

/* Begin PBXFileReference section */
		127ACCDD2901726B00455A2A /* DynamicsClass.app */ = {isa = PBXFileReference; explicitFileType = wrapper.application; includeInIndex = 0; path = DynamicsClass.app; sourceTree = BUILT_PRODUCTS_DIR; };
		127ACCE02901726B00455A2A /* AppDelegate.swift */ = {isa = PBXFileReference; lastKnownFileType = sourcecode.swift; path = AppDelegate.swift; sourceTree = "<group>"; };
		127ACCE22901726B00455A2A /* SceneDelegate.swift */ = {isa = PBXFileReference; lastKnownFileType = sourcecode.swift; path = SceneDelegate.swift; sourceTree = "<group>"; };
		127ACCE42901726B00455A2A /* ViewController.swift */ = {isa = PBXFileReference; lastKnownFileType = sourcecode.swift; path = ViewController.swift; sourceTree = "<group>"; };
		127ACCE72901726B00455A2A /* Base */ = {isa = PBXFileReference; lastKnownFileType = file.storyboard; name = Base; path = Base.lproj/Main.storyboard; sourceTree = "<group>"; };
		127ACCE92901726D00455A2A /* Assets.xcassets */ = {isa = PBXFileReference; lastKnownFileType = folder.assetcatalog; path = Assets.xcassets; sourceTree = "<group>"; };
		127ACCEC2901726D00455A2A /* Base */ = {isa = PBXFileReference; lastKnownFileType = file.storyboard; name = Base; path = Base.lproj/LaunchScreen.storyboard; sourceTree = "<group>"; };
		127ACCEE2901726D00455A2A /* Info.plist */ = {isa = PBXFileReference; lastKnownFileType = text.plist.xml; path = Info.plist; sourceTree = "<group>"; };
		6FB71C0E56C96169CCB6E6D1 /* Pods-DynamicsClass.debug.xcconfig */ = {isa = PBXFileReference; includeInIndex = 1; lastKnownFileType = text.xcconfig; name = "Pods-DynamicsClass.debug.xcconfig"; path = "Target Support Files/Pods-DynamicsClass/Pods-DynamicsClass.debug.xcconfig"; sourceTree = "<group>"; };
		EDFCEE61E49AA1EB3D344167 /* Pods-DynamicsClass.release.xcconfig */ = {isa = PBXFileReference; includeInIndex = 1; lastKnownFileType = text.xcconfig; name = "Pods-DynamicsClass.release.xcconfig"; path = "Target Support Files/Pods-DynamicsClass/Pods-DynamicsClass.release.xcconfig"; sourceTree = "<group>"; };
		F40BA389B94BEA9D0684A177 /* Pods_DynamicsClass.framework */ = {isa = PBXFileReference; explicitFileType = wrapper.framework; includeInIndex = 0; path = Pods_DynamicsClass.framework; sourceTree = BUILT_PRODUCTS_DIR; };
/* End PBXFileReference section */

/* Begin PBXFrameworksBuildPhase section */
		127ACCDA2901726B00455A2A /* Frameworks */ = {
			isa = PBXFrameworksBuildPhase;
			buildActionMask = 2147483647;
			files = (
				FAE628483D260A6AF409F442 /* Pods_DynamicsClass.framework in Frameworks */,
			);
			runOnlyForDeploymentPostprocessing = 0;
		};
/* End PBXFrameworksBuildPhase section */

/* Begin PBXGroup section */
		127ACCD42901726B00455A2A = {
			isa = PBXGroup;
			children = (
				127ACCDF2901726B00455A2A /* DynamicsClass */,
				127ACCDE2901726B00455A2A /* Products */,
				3099DE267088EDD9AE7BBCFC /* Pods */,
				7A61B3FFEBE24AE589490D7E /* Frameworks */,
			);
			sourceTree = "<group>";
		};
		127ACCDE2901726B00455A2A /* Products */ = {
			isa = PBXGroup;
			children = (
				127ACCDD2901726B00455A2A /* DynamicsClass.app */,
			);
			name = Products;
			sourceTree = "<group>";
		};
		127ACCDF2901726B00455A2A /* DynamicsClass */ = {
			isa = PBXGroup;
			children = (
				127ACCE02901726B00455A2A /* AppDelegate.swift */,
				127ACCE22901726B00455A2A /* SceneDelegate.swift */,
				127ACCE42901726B00455A2A /* ViewController.swift */,
				127ACCE62901726B00455A2A /* Main.storyboard */,
				127ACCE92901726D00455A2A /* Assets.xcassets */,
				127ACCEB2901726D00455A2A /* LaunchScreen.storyboard */,
				127ACCEE2901726D00455A2A /* Info.plist */,
			);
			path = DynamicsClass;
			sourceTree = "<group>";
		};
		3099DE267088EDD9AE7BBCFC /* Pods */ = {
			isa = PBXGroup;
			children = (
				6FB71C0E56C96169CCB6E6D1 /* Pods-DynamicsClass.debug.xcconfig */,
				EDFCEE61E49AA1EB3D344167 /* Pods-DynamicsClass.release.xcconfig */,
			);
			name = Pods;
			path = Pods;
			sourceTree = "<group>";
		};
		7A61B3FFEBE24AE589490D7E /* Frameworks */ = {
			isa = PBXGroup;
			children = (
				F40BA389B94BEA9D0684A177 /* Pods_DynamicsClass.framework */,
			);
			name = Frameworks;
			sourceTree = "<group>";
		};
/* End PBXGroup section */

/* Begin PBXNativeTarget section */
		127ACCDC2901726B00455A2A /* DynamicsClass */ = {
			isa = PBXNativeTarget;
			buildConfigurationList = 127ACCF12901726D00455A2A /* Build configuration list for PBXNativeTarget "DynamicsClass" */;
			buildPhases = (
				E7F588C1CBE71547EDA7E5C6 /* [CP] Check Pods Manifest.lock */,
				127ACCD92901726B00455A2A /* Sources */,
				127ACCDA2901726B00455A2A /* Frameworks */,
				127ACCDB2901726B00455A2A /* Resources */,
			);
			buildRules = (
			);
			dependencies = (
			);
			name = DynamicsClass;
			productName = DynamicsClass;
			productReference = 127ACCDD2901726B00455A2A /* DynamicsClass.app */;
			productType = "com.apple.product-type.application";
		};
/* End PBXNativeTarget section */

/* Begin PBXProject section */
		127ACCD52901726B00455A2A /* Project object */ = {
			isa = PBXProject;
			attributes = {
				BuildIndependentTargetsInParallel = 1;
				LastSwiftUpdateCheck = 1400;
				LastUpgradeCheck = 1400;
				TargetAttributes = {
					127ACCDC2901726B00455A2A = {
						CreatedOnToolsVersion = 14.0;
					};
				};
			};
			buildConfigurationList = 127ACCD82901726B00455A2A /* Build configuration list for PBXProject "DynamicsClass" */;
			compatibilityVersion = "Xcode 14.0";
			developmentRegion = en;
			hasScannedForEncodings = 0;
			knownRegions = (
				en,
				Base,
			);
			mainGroup = 127ACCD42901726B00455A2A;
			productRefGroup = 127ACCDE2901726B00455A2A /* Products */;
			projectDirPath = "";
			projectRoot = "";
			targets = (
				127ACCDC2901726B00455A2A /* DynamicsClass */,
			);
		};
/* End PBXProject section */

/* Begin PBXResourcesBuildPhase section */
		127ACCDB2901726B00455A2A /* Resources */ = {
			isa = PBXResourcesBuildPhase;
			buildActionMask = 2147483647;
			files = (
				127ACCED2901726D00455A2A /* LaunchScreen.storyboard in Resources */,
				127ACCEA2901726D00455A2A /* Assets.xcassets in Resources */,
				127ACCE82901726B00455A2A /* Main.storyboard in Resources */,
			);
			runOnlyForDeploymentPostprocessing = 0;
		};
/* End PBXResourcesBuildPhase section */

/* Begin PBXShellScriptBuildPhase section */
		E7F588C1CBE71547EDA7E5C6 /* [CP] Check Pods Manifest.lock */ = {
			isa = PBXShellScriptBuildPhase;
			buildActionMask = 2147483647;
			files = (
			);
			inputFileListPaths = (
			);
			inputPaths = (
				"${PODS_PODFILE_DIR_PATH}/Podfile.lock",
				"${PODS_ROOT}/Manifest.lock",
			);
			name = "[CP] Check Pods Manifest.lock";
			outputFileListPaths = (
			);
			outputPaths = (
				"$(DERIVED_FILE_DIR)/Pods-DynamicsClass-checkManifestLockResult.txt",
			);
			runOnlyForDeploymentPostprocessing = 0;
			shellPath = /bin/sh;
			shellScript = "diff \"${PODS_PODFILE_DIR_PATH}/Podfile.lock\" \"${PODS_ROOT}/Manifest.lock\" > /dev/null\nif [ $? != 0 ] ; then\n    # print error to STDERR\n    echo \"error: The sandbox is not in sync with the Podfile.lock. Run 'pod install' or update your CocoaPods installation.\" >&2\n    exit 1\nfi\n# This output is used by Xcode 'outputs' to avoid re-running this script phase.\necho \"SUCCESS\" > \"${SCRIPT_OUTPUT_FILE_0}\"\n";
			showEnvVarsInLog = 0;
		};
/* End PBXShellScriptBuildPhase section */

/* Begin PBXSourcesBuildPhase section */
		127ACCD92901726B00455A2A /* Sources */ = {
			isa = PBXSourcesBuildPhase;
			buildActionMask = 2147483647;
			files = (
				127ACCE52901726B00455A2A /* ViewController.swift in Sources */,
				127ACCE12901726B00455A2A /* AppDelegate.swift in Sources */,
				127ACCE32901726B00455A2A /* SceneDelegate.swift in Sources */,
			);
			runOnlyForDeploymentPostprocessing = 0;
		};
/* End PBXSourcesBuildPhase section */

/* Begin PBXVariantGroup section */
		127ACCE62901726B00455A2A /* Main.storyboard */ = {
			isa = PBXVariantGroup;
			children = (
				127ACCE72901726B00455A2A /* Base */,
			);
			name = Main.storyboard;
			sourceTree = "<group>";
		};
		127ACCEB2901726D00455A2A /* LaunchScreen.storyboard */ = {
			isa = PBXVariantGroup;
			children = (
				127ACCEC2901726D00455A2A /* Base */,
			);
			name = LaunchScreen.storyboard;
			sourceTree = "<group>";
		};
/* End PBXVariantGroup section */

/* Begin XCBuildConfiguration section */
		127ACCEF2901726D00455A2A /* Debug */ = {
			isa = XCBuildConfiguration;
			buildSettings = {
				ALWAYS_SEARCH_USER_PATHS = NO;
				CLANG_ANALYZER_NONNULL = YES;
				CLANG_ANALYZER_NUMBER_OBJECT_CONVERSION = YES_AGGRESSIVE;
				CLANG_CXX_LANGUAGE_STANDARD = "gnu++20";
				CLANG_ENABLE_MODULES = YES;
				CLANG_ENABLE_OBJC_ARC = YES;
				CLANG_ENABLE_OBJC_WEAK = YES;
				CLANG_WARN_BLOCK_CAPTURE_AUTORELEASING = YES;
				CLANG_WARN_BOOL_CONVERSION = YES;
				CLANG_WARN_COMMA = YES;
				CLANG_WARN_CONSTANT_CONVERSION = YES;
				CLANG_WARN_DEPRECATED_OBJC_IMPLEMENTATIONS = YES;
				CLANG_WARN_DIRECT_OBJC_ISA_USAGE = YES_ERROR;
				CLANG_WARN_DOCUMENTATION_COMMENTS = YES;
				CLANG_WARN_EMPTY_BODY = YES;
				CLANG_WARN_ENUM_CONVERSION = YES;
				CLANG_WARN_INFINITE_RECURSION = YES;
				CLANG_WARN_INT_CONVERSION = YES;
				CLANG_WARN_NON_LITERAL_NULL_CONVERSION = YES;
				CLANG_WARN_OBJC_IMPLICIT_RETAIN_SELF = YES;
				CLANG_WARN_OBJC_LITERAL_CONVERSION = YES;
				CLANG_WARN_OBJC_ROOT_CLASS = YES_ERROR;
				CLANG_WARN_QUOTED_INCLUDE_IN_FRAMEWORK_HEADER = YES;
				CLANG_WARN_RANGE_LOOP_ANALYSIS = YES;
				CLANG_WARN_STRICT_PROTOTYPES = YES;
				CLANG_WARN_SUSPICIOUS_MOVE = YES;
				CLANG_WARN_UNGUARDED_AVAILABILITY = YES_AGGRESSIVE;
				CLANG_WARN_UNREACHABLE_CODE = YES;
				CLANG_WARN__DUPLICATE_METHOD_MATCH = YES;
				COPY_PHASE_STRIP = NO;
				DEBUG_INFORMATION_FORMAT = dwarf;
				ENABLE_STRICT_OBJC_MSGSEND = YES;
				ENABLE_TESTABILITY = YES;
				GCC_C_LANGUAGE_STANDARD = gnu11;
				GCC_DYNAMIC_NO_PIC = NO;
				GCC_NO_COMMON_BLOCKS = YES;
				GCC_OPTIMIZATION_LEVEL = 0;
				GCC_PREPROCESSOR_DEFINITIONS = (
					"DEBUG=1",
					"$(inherited)",
				);
				GCC_WARN_64_TO_32_BIT_CONVERSION = YES;
				GCC_WARN_ABOUT_RETURN_TYPE = YES_ERROR;
				GCC_WARN_UNDECLARED_SELECTOR = YES;
				GCC_WARN_UNINITIALIZED_AUTOS = YES_AGGRESSIVE;
				GCC_WARN_UNUSED_FUNCTION = YES;
				GCC_WARN_UNUSED_VARIABLE = YES;
				IPHONEOS_DEPLOYMENT_TARGET = 16.0;
				MTL_ENABLE_DEBUG_INFO = INCLUDE_SOURCE;
				MTL_FAST_MATH = YES;
				ONLY_ACTIVE_ARCH = YES;
				SDKROOT = iphoneos;
				SWIFT_ACTIVE_COMPILATION_CONDITIONS = DEBUG;
				SWIFT_OPTIMIZATION_LEVEL = "-Onone";
			};
			name = Debug;
		};
		127ACCF02901726D00455A2A /* Release */ = {
			isa = XCBuildConfiguration;
			buildSettings = {
				ALWAYS_SEARCH_USER_PATHS = NO;
				CLANG_ANALYZER_NONNULL = YES;
				CLANG_ANALYZER_NUMBER_OBJECT_CONVERSION = YES_AGGRESSIVE;
				CLANG_CXX_LANGUAGE_STANDARD = "gnu++20";
				CLANG_ENABLE_MODULES = YES;
				CLANG_ENABLE_OBJC_ARC = YES;
				CLANG_ENABLE_OBJC_WEAK = YES;
				CLANG_WARN_BLOCK_CAPTURE_AUTORELEASING = YES;
				CLANG_WARN_BOOL_CONVERSION = YES;
				CLANG_WARN_COMMA = YES;
				CLANG_WARN_CONSTANT_CONVERSION = YES;
				CLANG_WARN_DEPRECATED_OBJC_IMPLEMENTATIONS = YES;
				CLANG_WARN_DIRECT_OBJC_ISA_USAGE = YES_ERROR;
				CLANG_WARN_DOCUMENTATION_COMMENTS = YES;
				CLANG_WARN_EMPTY_BODY = YES;
				CLANG_WARN_ENUM_CONVERSION = YES;
				CLANG_WARN_INFINITE_RECURSION = YES;
				CLANG_WARN_INT_CONVERSION = YES;
				CLANG_WARN_NON_LITERAL_NULL_CONVERSION = YES;
				CLANG_WARN_OBJC_IMPLICIT_RETAIN_SELF = YES;
				CLANG_WARN_OBJC_LITERAL_CONVERSION = YES;
				CLANG_WARN_OBJC_ROOT_CLASS = YES_ERROR;
				CLANG_WARN_QUOTED_INCLUDE_IN_FRAMEWORK_HEADER = YES;
				CLANG_WARN_RANGE_LOOP_ANALYSIS = YES;
				CLANG_WARN_STRICT_PROTOTYPES = YES;
				CLANG_WARN_SUSPICIOUS_MOVE = YES;
				CLANG_WARN_UNGUARDED_AVAILABILITY = YES_AGGRESSIVE;
				CLANG_WARN_UNREACHABLE_CODE = YES;
				CLANG_WARN__DUPLICATE_METHOD_MATCH = YES;
				COPY_PHASE_STRIP = NO;
				DEBUG_INFORMATION_FORMAT = "dwarf-with-dsym";
				ENABLE_NS_ASSERTIONS = NO;
				ENABLE_STRICT_OBJC_MSGSEND = YES;
				GCC_C_LANGUAGE_STANDARD = gnu11;
				GCC_NO_COMMON_BLOCKS = YES;
				GCC_WARN_64_TO_32_BIT_CONVERSION = YES;
				GCC_WARN_ABOUT_RETURN_TYPE = YES_ERROR;
				GCC_WARN_UNDECLARED_SELECTOR = YES;
				GCC_WARN_UNINITIALIZED_AUTOS = YES_AGGRESSIVE;
				GCC_WARN_UNUSED_FUNCTION = YES;
				GCC_WARN_UNUSED_VARIABLE = YES;
				IPHONEOS_DEPLOYMENT_TARGET = 16.0;
				MTL_ENABLE_DEBUG_INFO = NO;
				MTL_FAST_MATH = YES;
				SDKROOT = iphoneos;
				SWIFT_COMPILATION_MODE = wholemodule;
				SWIFT_OPTIMIZATION_LEVEL = "-O";
				VALIDATE_PRODUCT = YES;
			};
			name = Release;
		};
		127ACCF22901726D00455A2A /* Debug */ = {
			isa = XCBuildConfiguration;
			baseConfigurationReference = 6FB71C0E56C96169CCB6E6D1 /* Pods-DynamicsClass.debug.xcconfig */;
			buildSettings = {
				ASSETCATALOG_COMPILER_APPICON_NAME = AppIcon;
				ASSETCATALOG_COMPILER_GLOBAL_ACCENT_COLOR_NAME = AccentColor;
				CODE_SIGN_STYLE = Automatic;
				CURRENT_PROJECT_VERSION = 1;
				DEVELOPMENT_TEAM = M4U4X47C36;
				GENERATE_INFOPLIST_FILE = YES;
				INFOPLIST_FILE = DynamicsClass/Info.plist;
				INFOPLIST_KEY_UIApplicationSupportsIndirectInputEvents = YES;
				INFOPLIST_KEY_UILaunchStoryboardName = LaunchScreen;
				INFOPLIST_KEY_UIMainStoryboardFile = Main;
				INFOPLIST_KEY_UISupportedInterfaceOrientations_iPad = "UIInterfaceOrientationPortrait UIInterfaceOrientationPortraitUpsideDown UIInterfaceOrientationLandscapeLeft UIInterfaceOrientationLandscapeRight";
				INFOPLIST_KEY_UISupportedInterfaceOrientations_iPhone = "UIInterfaceOrientationPortrait UIInterfaceOrientationLandscapeLeft UIInterfaceOrientationLandscapeRight";
				LD_RUNPATH_SEARCH_PATHS = (
					"$(inherited)",
					"@executable_path/Frameworks",
				);
				MARKETING_VERSION = 1.0;
				PRODUCT_BUNDLE_IDENTIFIER = ZSGS.DynamicsClass;
				PRODUCT_NAME = "$(TARGET_NAME)";
				SWIFT_EMIT_LOC_STRINGS = YES;
				SWIFT_VERSION = 5.0;
				TARGETED_DEVICE_FAMILY = "1,2";
			};
			name = Debug;
		};
		127ACCF32901726D00455A2A /* Release */ = {
			isa = XCBuildConfiguration;
			baseConfigurationReference = EDFCEE61E49AA1EB3D344167 /* Pods-DynamicsClass.release.xcconfig */;
			buildSettings = {
				ASSETCATALOG_COMPILER_APPICON_NAME = AppIcon;
				ASSETCATALOG_COMPILER_GLOBAL_ACCENT_COLOR_NAME = AccentColor;
				CODE_SIGN_STYLE = Automatic;
				CURRENT_PROJECT_VERSION = 1;
				DEVELOPMENT_TEAM = M4U4X47C36;
				GENERATE_INFOPLIST_FILE = YES;
				INFOPLIST_FILE = DynamicsClass/Info.plist;
				INFOPLIST_KEY_UIApplicationSupportsIndirectInputEvents = YES;
				INFOPLIST_KEY_UILaunchStoryboardName = LaunchScreen;
				INFOPLIST_KEY_UIMainStoryboardFile = Main;
				INFOPLIST_KEY_UISupportedInterfaceOrientations_iPad = "UIInterfaceOrientationPortrait UIInterfaceOrientationPortraitUpsideDown UIInterfaceOrientationLandscapeLeft UIInterfaceOrientationLandscapeRight";
				INFOPLIST_KEY_UISupportedInterfaceOrientations_iPhone = "UIInterfaceOrientationPortrait UIInterfaceOrientationLandscapeLeft UIInterfaceOrientationLandscapeRight";
				LD_RUNPATH_SEARCH_PATHS = (
					"$(inherited)",
					"@executable_path/Frameworks",
				);
				MARKETING_VERSION = 1.0;
				PRODUCT_BUNDLE_IDENTIFIER = ZSGS.DynamicsClass;
				PRODUCT_NAME = "$(TARGET_NAME)";
				SWIFT_EMIT_LOC_STRINGS = YES;
				SWIFT_VERSION = 5.0;
				TARGETED_DEVICE_FAMILY = "1,2";
			};
			name = Release;
		};
/* End XCBuildConfiguration section */

/* Begin XCConfigurationList section */
		127ACCD82901726B00455A2A /* Build configuration list for PBXProject "DynamicsClass" */ = {
			isa = XCConfigurationList;
			buildConfigurations = (
				127ACCEF2901726D00455A2A /* Debug */,
				127ACCF02901726D00455A2A /* Release */,
			);
			defaultConfigurationIsVisible = 0;
			defaultConfigurationName = Release;
		};
		127ACCF12901726D00455A2A /* Build configuration list for PBXNativeTarget "DynamicsClass" */ = {
			isa = XCConfigurationList;
			buildConfigurations = (
				127ACCF22901726D00455A2A /* Debug */,
				127ACCF32901726D00455A2A /* Release */,
			);
			defaultConfigurationIsVisible = 0;
			defaultConfigurationName = Release;
		};
/* End XCConfigurationList section */
	};
	rootObject = 127ACCD52901726B00455A2A /* Project object */;
}
