// !$*UTF8*$!
{
	archiveVersion = 1;
	classes = {
	};
	objectVersion = 56;
	objects = {

/* Begin PBXBuildFile section */
		127A64CB28F5A0EE00054878 /* ResultViewController.swift in Sources */ = {isa = PBXBuildFile; fileRef = 127A64CA28F5A0EE00054878 /* ResultViewController.swift */; };
		12B6120528EAA67F000544F1 /* AppDelegate.swift in Sources */ = {isa = PBXBuildFile; fileRef = 12B6120428EAA67F000544F1 /* AppDelegate.swift */; };
		12B6120728EAA67F000544F1 /* SceneDelegate.swift in Sources */ = {isa = PBXBuildFile; fileRef = 12B6120628EAA67F000544F1 /* SceneDelegate.swift */; };
		12B6120928EAA67F000544F1 /* ViewController.swift in Sources */ = {isa = PBXBuildFile; fileRef = 12B6120828EAA67F000544F1 /* ViewController.swift */; };
		12B6120C28EAA67F000544F1 /* Main.storyboard in Resources */ = {isa = PBXBuildFile; fileRef = 12B6120A28EAA67F000544F1 /* Main.storyboard */; };
		12B6120E28EAA680000544F1 /* Assets.xcassets in Resources */ = {isa = PBXBuildFile; fileRef = 12B6120D28EAA680000544F1 /* Assets.xcassets */; };
		12B6121128EAA680000544F1 /* LaunchScreen.storyboard in Resources */ = {isa = PBXBuildFile; fileRef = 12B6120F28EAA680000544F1 /* LaunchScreen.storyboard */; };
		12B6121B28EAACFF000544F1 /* TossViewController.swift in Sources */ = {isa = PBXBuildFile; fileRef = 12B6121A28EAACFF000544F1 /* TossViewController.swift */; };
		12B6123D28EB0E1D000544F1 /* Player.swift in Sources */ = {isa = PBXBuildFile; fileRef = 12B6123C28EB0E1D000544F1 /* Player.swift */; };
		12B6123F28EB1324000544F1 /* Team.swift in Sources */ = {isa = PBXBuildFile; fileRef = 12B6123E28EB1324000544F1 /* Team.swift */; };
		12CE978228F148C300BC415C /* SelectPlayerViewController.swift in Sources */ = {isa = PBXBuildFile; fileRef = 12CE978128F148C300BC415C /* SelectPlayerViewController.swift */; };
		12CE978528F14D6100BC415C /* PlayerTableViewCell.swift in Sources */ = {isa = PBXBuildFile; fileRef = 12CE978328F14D6100BC415C /* PlayerTableViewCell.swift */; };
		12CE978628F14D6100BC415C /* PlayerTableViewCell.xib in Resources */ = {isa = PBXBuildFile; fileRef = 12CE978428F14D6100BC415C /* PlayerTableViewCell.xib */; };
		12FDDA9628EEB79A00F52304 /* Match.swift in Sources */ = {isa = PBXBuildFile; fileRef = 12FDDA9528EEB79A00F52304 /* Match.swift */; };
		12FDDA9828EECAF600F52304 /* MatchViewController.swift in Sources */ = {isa = PBXBuildFile; fileRef = 12FDDA9728EECAF600F52304 /* MatchViewController.swift */; };
/* End PBXBuildFile section */

/* Begin PBXFileReference section */
		127A64CA28F5A0EE00054878 /* ResultViewController.swift */ = {isa = PBXFileReference; lastKnownFileType = sourcecode.swift; path = ResultViewController.swift; sourceTree = "<group>"; };
		12B6120128EAA67F000544F1 /* Cricket.app */ = {isa = PBXFileReference; explicitFileType = wrapper.application; includeInIndex = 0; path = Cricket.app; sourceTree = BUILT_PRODUCTS_DIR; };
		12B6120428EAA67F000544F1 /* AppDelegate.swift */ = {isa = PBXFileReference; lastKnownFileType = sourcecode.swift; path = AppDelegate.swift; sourceTree = "<group>"; };
		12B6120628EAA67F000544F1 /* SceneDelegate.swift */ = {isa = PBXFileReference; lastKnownFileType = sourcecode.swift; path = SceneDelegate.swift; sourceTree = "<group>"; };
		12B6120828EAA67F000544F1 /* ViewController.swift */ = {isa = PBXFileReference; lastKnownFileType = sourcecode.swift; path = ViewController.swift; sourceTree = "<group>"; };
		12B6120B28EAA67F000544F1 /* Base */ = {isa = PBXFileReference; lastKnownFileType = file.storyboard; name = Base; path = Base.lproj/Main.storyboard; sourceTree = "<group>"; };
		12B6120D28EAA680000544F1 /* Assets.xcassets */ = {isa = PBXFileReference; lastKnownFileType = folder.assetcatalog; path = Assets.xcassets; sourceTree = "<group>"; };
		12B6121028EAA680000544F1 /* Base */ = {isa = PBXFileReference; lastKnownFileType = file.storyboard; name = Base; path = Base.lproj/LaunchScreen.storyboard; sourceTree = "<group>"; };
		12B6121228EAA680000544F1 /* Info.plist */ = {isa = PBXFileReference; lastKnownFileType = text.plist.xml; path = Info.plist; sourceTree = "<group>"; };
		12B6121A28EAACFF000544F1 /* TossViewController.swift */ = {isa = PBXFileReference; lastKnownFileType = sourcecode.swift; path = TossViewController.swift; sourceTree = "<group>"; };
		12B6123C28EB0E1D000544F1 /* Player.swift */ = {isa = PBXFileReference; lastKnownFileType = sourcecode.swift; path = Player.swift; sourceTree = "<group>"; };
		12B6123E28EB1324000544F1 /* Team.swift */ = {isa = PBXFileReference; lastKnownFileType = sourcecode.swift; path = Team.swift; sourceTree = "<group>"; };
		12CE978128F148C300BC415C /* SelectPlayerViewController.swift */ = {isa = PBXFileReference; lastKnownFileType = sourcecode.swift; path = SelectPlayerViewController.swift; sourceTree = "<group>"; };
		12CE978328F14D6100BC415C /* PlayerTableViewCell.swift */ = {isa = PBXFileReference; lastKnownFileType = sourcecode.swift; path = PlayerTableViewCell.swift; sourceTree = "<group>"; };
		12CE978428F14D6100BC415C /* PlayerTableViewCell.xib */ = {isa = PBXFileReference; lastKnownFileType = file.xib; path = PlayerTableViewCell.xib; sourceTree = "<group>"; };
		12FDDA9528EEB79A00F52304 /* Match.swift */ = {isa = PBXFileReference; lastKnownFileType = sourcecode.swift; path = Match.swift; sourceTree = "<group>"; };
		12FDDA9728EECAF600F52304 /* MatchViewController.swift */ = {isa = PBXFileReference; lastKnownFileType = sourcecode.swift; path = MatchViewController.swift; sourceTree = "<group>"; };
/* End PBXFileReference section */

/* Begin PBXFrameworksBuildPhase section */
		12B611FE28EAA67F000544F1 /* Frameworks */ = {
			isa = PBXFrameworksBuildPhase;
			buildActionMask = 2147483647;
			files = (
			);
			runOnlyForDeploymentPostprocessing = 0;
		};
/* End PBXFrameworksBuildPhase section */

/* Begin PBXGroup section */
		12B611F828EAA67F000544F1 = {
			isa = PBXGroup;
			children = (
				12B6120328EAA67F000544F1 /* Cricket */,
				12B6120228EAA67F000544F1 /* Products */,
			);
			sourceTree = "<group>";
		};
		12B6120228EAA67F000544F1 /* Products */ = {
			isa = PBXGroup;
			children = (
				12B6120128EAA67F000544F1 /* Cricket.app */,
			);
			name = Products;
			sourceTree = "<group>";
		};
		12B6120328EAA67F000544F1 /* Cricket */ = {
			isa = PBXGroup;
			children = (
				12CE978028F12EC200BC415C /* Controller */,
				12CE977F28F12EA600BC415C /* View */,
				12CE977E28F12E7700BC415C /* Model */,
				12B6120428EAA67F000544F1 /* AppDelegate.swift */,
				12B6120628EAA67F000544F1 /* SceneDelegate.swift */,
				12B6120F28EAA680000544F1 /* LaunchScreen.storyboard */,
				12B6120D28EAA680000544F1 /* Assets.xcassets */,
				12B6121228EAA680000544F1 /* Info.plist */,
			);
			path = Cricket;
			sourceTree = "<group>";
		};
		12CE977E28F12E7700BC415C /* Model */ = {
			isa = PBXGroup;
			children = (
				12FDDA9528EEB79A00F52304 /* Match.swift */,
				12B6123C28EB0E1D000544F1 /* Player.swift */,
				12B6123E28EB1324000544F1 /* Team.swift */,
			);
			name = Model;
			sourceTree = "<group>";
		};
		12CE977F28F12EA600BC415C /* View */ = {
			isa = PBXGroup;
			children = (
				12B6120A28EAA67F000544F1 /* Main.storyboard */,
				12CE978428F14D6100BC415C /* PlayerTableViewCell.xib */,
			);
			path = View;
			sourceTree = "<group>";
		};
		12CE978028F12EC200BC415C /* Controller */ = {
			isa = PBXGroup;
			children = (
				12B6120828EAA67F000544F1 /* ViewController.swift */,
				12B6121A28EAACFF000544F1 /* TossViewController.swift */,
				12FDDA9728EECAF600F52304 /* MatchViewController.swift */,
				12CE978128F148C300BC415C /* SelectPlayerViewController.swift */,
				12CE978328F14D6100BC415C /* PlayerTableViewCell.swift */,
				127A64CA28F5A0EE00054878 /* ResultViewController.swift */,
			);
			name = Controller;
			sourceTree = "<group>";
		};
/* End PBXGroup section */

/* Begin PBXNativeTarget section */
		12B6120028EAA67F000544F1 /* Cricket */ = {
			isa = PBXNativeTarget;
			buildConfigurationList = 12B6121528EAA680000544F1 /* Build configuration list for PBXNativeTarget "Cricket" */;
			buildPhases = (
				12B611FD28EAA67F000544F1 /* Sources */,
				12B611FE28EAA67F000544F1 /* Frameworks */,
				12B611FF28EAA67F000544F1 /* Resources */,
			);
			buildRules = (
			);
			dependencies = (
			);
			name = Cricket;
			productName = Cricket;
			productReference = 12B6120128EAA67F000544F1 /* Cricket.app */;
			productType = "com.apple.product-type.application";
		};
/* End PBXNativeTarget section */

/* Begin PBXProject section */
		12B611F928EAA67F000544F1 /* Project object */ = {
			isa = PBXProject;
			attributes = {
				BuildIndependentTargetsInParallel = 1;
				LastSwiftUpdateCheck = 1400;
				LastUpgradeCheck = 1400;
				TargetAttributes = {
					12B6120028EAA67F000544F1 = {
						CreatedOnToolsVersion = 14.0;
					};
				};
			};
			buildConfigurationList = 12B611FC28EAA67F000544F1 /* Build configuration list for PBXProject "Cricket" */;
			compatibilityVersion = "Xcode 14.0";
			developmentRegion = en;
			hasScannedForEncodings = 0;
			knownRegions = (
				en,
				Base,
			);
			mainGroup = 12B611F828EAA67F000544F1;
			productRefGroup = 12B6120228EAA67F000544F1 /* Products */;
			projectDirPath = "";
			projectRoot = "";
			targets = (
				12B6120028EAA67F000544F1 /* Cricket */,
			);
		};
/* End PBXProject section */

/* Begin PBXResourcesBuildPhase section */
		12B611FF28EAA67F000544F1 /* Resources */ = {
			isa = PBXResourcesBuildPhase;
			buildActionMask = 2147483647;
			files = (
				12CE978628F14D6100BC415C /* PlayerTableViewCell.xib in Resources */,
				12B6121128EAA680000544F1 /* LaunchScreen.storyboard in Resources */,
				12B6120E28EAA680000544F1 /* Assets.xcassets in Resources */,
				12B6120C28EAA67F000544F1 /* Main.storyboard in Resources */,
			);
			runOnlyForDeploymentPostprocessing = 0;
		};
/* End PBXResourcesBuildPhase section */

/* Begin PBXSourcesBuildPhase section */
		12B611FD28EAA67F000544F1 /* Sources */ = {
			isa = PBXSourcesBuildPhase;
			buildActionMask = 2147483647;
			files = (
				12FDDA9828EECAF600F52304 /* MatchViewController.swift in Sources */,
				12B6120928EAA67F000544F1 /* ViewController.swift in Sources */,
				12CE978528F14D6100BC415C /* PlayerTableViewCell.swift in Sources */,
				12B6120528EAA67F000544F1 /* AppDelegate.swift in Sources */,
				12B6123F28EB1324000544F1 /* Team.swift in Sources */,
				12B6121B28EAACFF000544F1 /* TossViewController.swift in Sources */,
				12B6123D28EB0E1D000544F1 /* Player.swift in Sources */,
				12B6120728EAA67F000544F1 /* SceneDelegate.swift in Sources */,
				12FDDA9628EEB79A00F52304 /* Match.swift in Sources */,
				12CE978228F148C300BC415C /* SelectPlayerViewController.swift in Sources */,
				127A64CB28F5A0EE00054878 /* ResultViewController.swift in Sources */,
			);
			runOnlyForDeploymentPostprocessing = 0;
		};
/* End PBXSourcesBuildPhase section */

/* Begin PBXVariantGroup section */
		12B6120A28EAA67F000544F1 /* Main.storyboard */ = {
			isa = PBXVariantGroup;
			children = (
				12B6120B28EAA67F000544F1 /* Base */,
			);
			name = Main.storyboard;
			sourceTree = "<group>";
		};
		12B6120F28EAA680000544F1 /* LaunchScreen.storyboard */ = {
			isa = PBXVariantGroup;
			children = (
				12B6121028EAA680000544F1 /* Base */,
			);
			name = LaunchScreen.storyboard;
			sourceTree = "<group>";
		};
/* End PBXVariantGroup section */

/* Begin XCBuildConfiguration section */
		12B6121328EAA680000544F1 /* Debug */ = {
			isa = XCBuildConfiguration;
			buildSettings = {
				ALWAYS_SEARCH_USER_PATHS = NO;
				CLANG_ANALYZER_NONNULL = YES;
				CLANG_ANALYZER_NUMBER_OBJECT_CONVERSION = YES_AGGRESSIVE;
				CLANG_CXX_LANGUAGE_STANDARD = "gnu++20";
				CLANG_ENABLE_MODULES = YES;
				CLANG_ENABLE_OBJC_ARC = YES;
				CLANG_ENABLE_OBJC_WEAK = YES;
				CLANG_WARN_BLOCK_CAPTURE_AUTORELEASING = YES;
				CLANG_WARN_BOOL_CONVERSION = YES;
				CLANG_WARN_COMMA = YES;
				CLANG_WARN_CONSTANT_CONVERSION = YES;
				CLANG_WARN_DEPRECATED_OBJC_IMPLEMENTATIONS = YES;
				CLANG_WARN_DIRECT_OBJC_ISA_USAGE = YES_ERROR;
				CLANG_WARN_DOCUMENTATION_COMMENTS = YES;
				CLANG_WARN_EMPTY_BODY = YES;
				CLANG_WARN_ENUM_CONVERSION = YES;
				CLANG_WARN_INFINITE_RECURSION = YES;
				CLANG_WARN_INT_CONVERSION = YES;
				CLANG_WARN_NON_LITERAL_NULL_CONVERSION = YES;
				CLANG_WARN_OBJC_IMPLICIT_RETAIN_SELF = YES;
				CLANG_WARN_OBJC_LITERAL_CONVERSION = YES;
				CLANG_WARN_OBJC_ROOT_CLASS = YES_ERROR;
				CLANG_WARN_QUOTED_INCLUDE_IN_FRAMEWORK_HEADER = YES;
				CLANG_WARN_RANGE_LOOP_ANALYSIS = YES;
				CLANG_WARN_STRICT_PROTOTYPES = YES;
				CLANG_WARN_SUSPICIOUS_MOVE = YES;
				CLANG_WARN_UNGUARDED_AVAILABILITY = YES_AGGRESSIVE;
				CLANG_WARN_UNREACHABLE_CODE = YES;
				CLANG_WARN__DUPLICATE_METHOD_MATCH = YES;
				COPY_PHASE_STRIP = NO;
				DEBUG_INFORMATION_FORMAT = dwarf;
				ENABLE_STRICT_OBJC_MSGSEND = YES;
				ENABLE_TESTABILITY = YES;
				GCC_C_LANGUAGE_STANDARD = gnu11;
				GCC_DYNAMIC_NO_PIC = NO;
				GCC_NO_COMMON_BLOCKS = YES;
				GCC_OPTIMIZATION_LEVEL = 0;
				GCC_PREPROCESSOR_DEFINITIONS = (
					"DEBUG=1",
					"$(inherited)",
				);
				GCC_WARN_64_TO_32_BIT_CONVERSION = YES;
				GCC_WARN_ABOUT_RETURN_TYPE = YES_ERROR;
				GCC_WARN_UNDECLARED_SELECTOR = YES;
				GCC_WARN_UNINITIALIZED_AUTOS = YES_AGGRESSIVE;
				GCC_WARN_UNUSED_FUNCTION = YES;
				GCC_WARN_UNUSED_VARIABLE = YES;
				IPHONEOS_DEPLOYMENT_TARGET = 16.0;
				MTL_ENABLE_DEBUG_INFO = INCLUDE_SOURCE;
				MTL_FAST_MATH = YES;
				ONLY_ACTIVE_ARCH = YES;
				SDKROOT = iphoneos;
				SWIFT_ACTIVE_COMPILATION_CONDITIONS = DEBUG;
				SWIFT_OPTIMIZATION_LEVEL = "-Onone";
			};
			name = Debug;
		};
		12B6121428EAA680000544F1 /* Release */ = {
			isa = XCBuildConfiguration;
			buildSettings = {
				ALWAYS_SEARCH_USER_PATHS = NO;
				CLANG_ANALYZER_NONNULL = YES;
				CLANG_ANALYZER_NUMBER_OBJECT_CONVERSION = YES_AGGRESSIVE;
				CLANG_CXX_LANGUAGE_STANDARD = "gnu++20";
				CLANG_ENABLE_MODULES = YES;
				CLANG_ENABLE_OBJC_ARC = YES;
				CLANG_ENABLE_OBJC_WEAK = YES;
				CLANG_WARN_BLOCK_CAPTURE_AUTORELEASING = YES;
				CLANG_WARN_BOOL_CONVERSION = YES;
				CLANG_WARN_COMMA = YES;
				CLANG_WARN_CONSTANT_CONVERSION = YES;
				CLANG_WARN_DEPRECATED_OBJC_IMPLEMENTATIONS = YES;
				CLANG_WARN_DIRECT_OBJC_ISA_USAGE = YES_ERROR;
				CLANG_WARN_DOCUMENTATION_COMMENTS = YES;
				CLANG_WARN_EMPTY_BODY = YES;
				CLANG_WARN_ENUM_CONVERSION = YES;
				CLANG_WARN_INFINITE_RECURSION = YES;
				CLANG_WARN_INT_CONVERSION = YES;
				CLANG_WARN_NON_LITERAL_NULL_CONVERSION = YES;
				CLANG_WARN_OBJC_IMPLICIT_RETAIN_SELF = YES;
				CLANG_WARN_OBJC_LITERAL_CONVERSION = YES;
				CLANG_WARN_OBJC_ROOT_CLASS = YES_ERROR;
				CLANG_WARN_QUOTED_INCLUDE_IN_FRAMEWORK_HEADER = YES;
				CLANG_WARN_RANGE_LOOP_ANALYSIS = YES;
				CLANG_WARN_STRICT_PROTOTYPES = YES;
				CLANG_WARN_SUSPICIOUS_MOVE = YES;
				CLANG_WARN_UNGUARDED_AVAILABILITY = YES_AGGRESSIVE;
				CLANG_WARN_UNREACHABLE_CODE = YES;
				CLANG_WARN__DUPLICATE_METHOD_MATCH = YES;
				COPY_PHASE_STRIP = NO;
				DEBUG_INFORMATION_FORMAT = "dwarf-with-dsym";
				ENABLE_NS_ASSERTIONS = NO;
				ENABLE_STRICT_OBJC_MSGSEND = YES;
				GCC_C_LANGUAGE_STANDARD = gnu11;
				GCC_NO_COMMON_BLOCKS = YES;
				GCC_WARN_64_TO_32_BIT_CONVERSION = YES;
				GCC_WARN_ABOUT_RETURN_TYPE = YES_ERROR;
				GCC_WARN_UNDECLARED_SELECTOR = YES;
				GCC_WARN_UNINITIALIZED_AUTOS = YES_AGGRESSIVE;
				GCC_WARN_UNUSED_FUNCTION = YES;
				GCC_WARN_UNUSED_VARIABLE = YES;
				IPHONEOS_DEPLOYMENT_TARGET = 16.0;
				MTL_ENABLE_DEBUG_INFO = NO;
				MTL_FAST_MATH = YES;
				SDKROOT = iphoneos;
				SWIFT_COMPILATION_MODE = wholemodule;
				SWIFT_OPTIMIZATION_LEVEL = "-O";
				VALIDATE_PRODUCT = YES;
			};
			name = Release;
		};
		12B6121628EAA680000544F1 /* Debug */ = {
			isa = XCBuildConfiguration;
			buildSettings = {
				ASSETCATALOG_COMPILER_APPICON_NAME = AppIcon;
				ASSETCATALOG_COMPILER_GLOBAL_ACCENT_COLOR_NAME = AccentColor;
				CODE_SIGN_STYLE = Automatic;
				CURRENT_PROJECT_VERSION = 1;
				DEVELOPMENT_TEAM = M4U4X47C36;
				GENERATE_INFOPLIST_FILE = YES;
				INFOPLIST_FILE = Cricket/Info.plist;
				INFOPLIST_KEY_UIApplicationSupportsIndirectInputEvents = YES;
				INFOPLIST_KEY_UILaunchStoryboardName = LaunchScreen;
				INFOPLIST_KEY_UIMainStoryboardFile = Main;
				INFOPLIST_KEY_UISupportedInterfaceOrientations_iPad = "UIInterfaceOrientationPortrait UIInterfaceOrientationPortraitUpsideDown UIInterfaceOrientationLandscapeLeft UIInterfaceOrientationLandscapeRight";
				INFOPLIST_KEY_UISupportedInterfaceOrientations_iPhone = "UIInterfaceOrientationPortrait UIInterfaceOrientationLandscapeLeft UIInterfaceOrientationLandscapeRight";
				LD_RUNPATH_SEARCH_PATHS = (
					"$(inherited)",
					"@executable_path/Frameworks",
				);
				MARKETING_VERSION = 1.0;
				PRODUCT_BUNDLE_IDENTIFIER = ZSGS.Cricket;
				PRODUCT_NAME = "$(TARGET_NAME)";
				SWIFT_EMIT_LOC_STRINGS = YES;
				SWIFT_VERSION = 5.0;
				TARGETED_DEVICE_FAMILY = "1,2";
			};
			name = Debug;
		};
		12B6121728EAA680000544F1 /* Release */ = {
			isa = XCBuildConfiguration;
			buildSettings = {
				ASSETCATALOG_COMPILER_APPICON_NAME = AppIcon;
				ASSETCATALOG_COMPILER_GLOBAL_ACCENT_COLOR_NAME = AccentColor;
				CODE_SIGN_STYLE = Automatic;
				CURRENT_PROJECT_VERSION = 1;
				DEVELOPMENT_TEAM = M4U4X47C36;
				GENERATE_INFOPLIST_FILE = YES;
				INFOPLIST_FILE = Cricket/Info.plist;
				INFOPLIST_KEY_UIApplicationSupportsIndirectInputEvents = YES;
				INFOPLIST_KEY_UILaunchStoryboardName = LaunchScreen;
				INFOPLIST_KEY_UIMainStoryboardFile = Main;
				INFOPLIST_KEY_UISupportedInterfaceOrientations_iPad = "UIInterfaceOrientationPortrait UIInterfaceOrientationPortraitUpsideDown UIInterfaceOrientationLandscapeLeft UIInterfaceOrientationLandscapeRight";
				INFOPLIST_KEY_UISupportedInterfaceOrientations_iPhone = "UIInterfaceOrientationPortrait UIInterfaceOrientationLandscapeLeft UIInterfaceOrientationLandscapeRight";
				LD_RUNPATH_SEARCH_PATHS = (
					"$(inherited)",
					"@executable_path/Frameworks",
				);
				MARKETING_VERSION = 1.0;
				PRODUCT_BUNDLE_IDENTIFIER = ZSGS.Cricket;
				PRODUCT_NAME = "$(TARGET_NAME)";
				SWIFT_EMIT_LOC_STRINGS = YES;
				SWIFT_VERSION = 5.0;
				TARGETED_DEVICE_FAMILY = "1,2";
			};
			name = Release;
		};
/* End XCBuildConfiguration section */

/* Begin XCConfigurationList section */
		12B611FC28EAA67F000544F1 /* Build configuration list for PBXProject "Cricket" */ = {
			isa = XCConfigurationList;
			buildConfigurations = (
				12B6121328EAA680000544F1 /* Debug */,
				12B6121428EAA680000544F1 /* Release */,
			);
			defaultConfigurationIsVisible = 0;
			defaultConfigurationName = Release;
		};
		12B6121528EAA680000544F1 /* Build configuration list for PBXNativeTarget "Cricket" */ = {
			isa = XCConfigurationList;
			buildConfigurations = (
				12B6121628EAA680000544F1 /* Debug */,
				12B6121728EAA680000544F1 /* Release */,
			);
			defaultConfigurationIsVisible = 0;
			defaultConfigurationName = Release;
		};
/* End XCConfigurationList section */
	};
	rootObject = 12B611F928EAA67F000544F1 /* Project object */;
}
